
Microsoft Visual Studio Solution File, Format Version 12.00
# Visual Studio Version 17
VisualStudioVersion = 17.6.33815.320
MinimumVisualStudioVersion = 10.0.40219.1
Project("{FAE04EC0-301F-11D3-BF4B-00C04F79EFBC}") = "WebChatServer", "WebChatServer.csproj", "{7A7F3396-08A5-449E-96C6-3784FDC9CECB}"
EndProject
Global
	GlobalSection(SolutionConfigurationPlatforms) = preSolution
		Debug|Any CPU = Debug|Any CPU
		Release|Any CPU = Release|Any CPU
	EndGlobalSection
	GlobalSection(ProjectConfigurationPlatforms) = postSolution
		{7A7F3396-08A5-449E-96C6-3784FDC9CECB}.Debug|Any CPU.ActiveCfg = Debug|Any CPU
		{7A7F3396-08A5-449E-96C6-3784FDC9CECB}.Debug|Any CPU.Build.0 = Debug|Any CPU
		{7A7F3396-08A5-449E-96C6-3784FDC9CECB}.Release|Any CPU.ActiveCfg = Release|Any CPU
		{7A7F3396-08A5-449E-96C6-3784FDC9CECB}.Release|Any CPU.Build.0 = Release|Any CPU
	EndGlobalSection
	GlobalSection(SolutionProperties) = preSolution
		HideSolutionNode = FALSE
	EndGlobalSection
	GlobalSection(ExtensibilityGlobals) = postSolution
		SolutionGuid = {09AF05B3-93A0-4D84-8123-7D60002631C2}
	EndGlobalSection
EndGlobal
